schema: '2.0'
stages:
  prepare:
    cmd: python src/prepare.py data/data.xml
    deps:
    - path: data/data.xml
      md5: c1fa36d90caa8489a317eee917d8bf03
      size: 152077443
    - path: src/prepare.py
      md5: 51549a1c87b182ebdd785704f56ffaf1
      size: 1581
    params:
      params.yaml:
        prepare.seed: 20170428
        prepare.split: 0.2
    outs:
    - path: data/prepared
      md5: 030d86606a2849584caed1cfb0855bc6.dir
      size: 95583547
      nfiles: 2
  featurize:
    cmd: python src/featurization.py data/prepared data/features
    deps:
    - path: data/prepared
      md5: 030d86606a2849584caed1cfb0855bc6.dir
      size: 95583547
      nfiles: 2
    - path: src/featurization.py
      md5: 61c592707fd1b33e27819c87cf93f80a
      size: 2391
    params:
      params.yaml:
        featurize.max_features: 3000
        featurize.ngrams: 2
    outs:
    - path: data/features
      md5: 7c68668d6945e08701fdaf3925c1b529.dir
      size: 51053748
      nfiles: 2
  train:
    cmd: python src/train.py data/features model.pkl
    deps:
    - path: data/features
      md5: 7c68668d6945e08701fdaf3925c1b529.dir
      size: 51053748
      nfiles: 2
    - path: src/train.py
      md5: 9ab95496b29b6ea3418bbf20b9fe3473
      size: 964
    params:
      params.yaml:
        train.min_split: 64
        train.n_est: 100
        train.seed: 20170428
    outs:
    - path: model.pkl
      md5: fe89bd46094a5806e8fff7110fdb07f1
      size: 8647370
  evaluate:
    cmd: python src/evaluate.py model.pkl data/features scores.json prc.json roc.json
    deps:
    - path: data/features
      md5: 7c68668d6945e08701fdaf3925c1b529.dir
      size: 51053748
      nfiles: 2
    - path: model.pkl
      md5: fe89bd46094a5806e8fff7110fdb07f1
      size: 8647370
    - path: src/evaluate.py
      md5: fb7b5209c9237ea6cf63550e5fe9b817
      size: 1943
    outs:
    - path: prc.json
      md5: 1f5d585e55eec7319e4360725c3729bf
      size: 153384
    - path: roc.json
      md5: 48d60e7f291633d7a3de9ac5c6d82b8a
      size: 196512
    - path: scores.json
      md5: b4592a84f2ee7b878b472a6d96492829
      size: 72
