schema: '2.0'
stages:
  prepare:
    cmd: python src/prepare.py data/data.xml
    deps:
    - path: data/data.xml
      md5: 22a1a2931c8370d3aeedd7183606fd7f
      size: 14445097
    - path: src/prepare.py
      md5: f09ea0c15980b43010257ccb9f0055e2
      size: 1576
    params:
      params.yaml:
        prepare.seed: 20170428
        prepare.split: 0.2
    outs:
    - path: data/prepared
      md5: 153aad06d376b6595932470e459ef42a.dir
      size: 8437363
      nfiles: 2
  featurize:
    cmd: python src/featurization.py data/prepared data/features
    deps:
    - path: data/prepared
      md5: 153aad06d376b6595932470e459ef42a.dir
      size: 8437363
      nfiles: 2
    - path: src/featurization.py
      md5: e0265fc22f056a4b86d85c3056bc2894
      size: 2490
    params:
      params.yaml:
        featurize.max_features: 300
        featurize.ngrams: 2
    outs:
    - path: data/features
      md5: 5a04ed36f17a49d4067636cb1f2f48ee.dir
      size: 2629300
      nfiles: 2
  train:
    cmd: python src/train.py data/features model.pkl
    deps:
    - path: data/features
      md5: 5a04ed36f17a49d4067636cb1f2f48ee.dir
      size: 2629300
      nfiles: 2
    - path: src/train.py
      md5: c3961d777cfbd7727f9fde4851896006
      size: 967
    params:
      params.yaml:
        train.min_split: 0.01
        train.n_est: 150
        train.seed: 20170428
    outs:
    - path: model.pkl
      md5: dc0a0d0dee3e94e62188fde352b3ac35
      size: 5261791
  evaluate:
    cmd: python src/evaluate.py model.pkl data/features
    deps:
    - path: data/features
      md5: 5a04ed36f17a49d4067636cb1f2f48ee.dir
      size: 2629300
      nfiles: 2
    - path: model.pkl
      md5: dc0a0d0dee3e94e62188fde352b3ac35
      size: 5261791
    - path: src/evaluate.py
      md5: 44e714021a65edf881b1716e791d7f59
      size: 2346
    outs:
    - path: evaluation.json
      md5: 4ab472a16a99d9830f46d76534ff0105
      size: 73
    - path: evaluation/importance.png
      md5: ba18a9beb91c9e3aa33a2571f9981b8b
      size: 34464
    - path: evaluation/plots/confusion_matrix.json
      md5: 737f3a8d0d5e0bebc25f0427648d4b0b
      size: 122246
    - path: evaluation/plots/precision_recall.json
      md5: d1379b925db56ef57c34c4e31b864d7e
      size: 101248
    - path: evaluation/plots/roc.json
      md5: 6b94f3f846fcea72547d420ea2217544
      size: 32807
